
Microsoft Visual Studio Solution File, Format Version 12.00
# Visual Studio Version 17
VisualStudioVersion = 17.6.33829.357
MinimumVisualStudioVersion = 10.0.40219.1
Project("{FAE04EC0-301F-11D3-BF4B-00C04F79EFBC}") = "HomeApp.UWP", "HomeApp\HomeApp.UWP\HomeApp.UWP.csproj", "{C702E50C-A9D5-4931-BC76-20838A22D136}"
EndProject
Project("{FAE04EC0-301F-11D3-BF4B-00C04F79EFBC}") = "HomeApp.Android", "HomeApp\HomeApp.Android\HomeApp.Android.csproj", "{6961AD14-019C-4DF3-94B8-46B6A2AB7FDD}"
EndProject
Project("{FAE04EC0-301F-11D3-BF4B-00C04F79EFBC}") = "HomeApp.iOS", "HomeApp\HomeApp.iOS\HomeApp.iOS.csproj", "{3E66D191-CC7B-474C-B782-D52B5D644F5E}"
EndProject
Project("{FAE04EC0-301F-11D3-BF4B-00C04F79EFBC}") = "HomeApp", "HomeApp\HomeApp\HomeApp.csproj", "{54E7673D-C481-45CE-8B54-AF2DD5D0F255}"
EndProject
Global
	GlobalSection(SolutionConfigurationPlatforms) = preSolution
		Debug|Any CPU = Debug|Any CPU
		Debug|ARM = Debug|ARM
		Debug|iPhone = Debug|iPhone
		Debug|iPhoneSimulator = Debug|iPhoneSimulator
		Debug|x64 = Debug|x64
		Debug|x86 = Debug|x86
		Release|Any CPU = Release|Any CPU
		Release|ARM = Release|ARM
		Release|iPhone = Release|iPhone
		Release|iPhoneSimulator = Release|iPhoneSimulator
		Release|x64 = Release|x64
		Release|x86 = Release|x86
	EndGlobalSection
	GlobalSection(ProjectConfigurationPlatforms) = postSolution
		{C702E50C-A9D5-4931-BC76-20838A22D136}.Debug|Any CPU.ActiveCfg = Debug|x64
		{C702E50C-A9D5-4931-BC76-20838A22D136}.Debug|Any CPU.Build.0 = Debug|x64
		{C702E50C-A9D5-4931-BC76-20838A22D136}.Debug|Any CPU.Deploy.0 = Debug|x64
		{C702E50C-A9D5-4931-BC76-20838A22D136}.Debug|ARM.ActiveCfg = Debug|ARM
		{C702E50C-A9D5-4931-BC76-20838A22D136}.Debug|ARM.Build.0 = Debug|ARM
		{C702E50C-A9D5-4931-BC76-20838A22D136}.Debug|ARM.Deploy.0 = Debug|ARM
		{C702E50C-A9D5-4931-BC76-20838A22D136}.Debug|iPhone.ActiveCfg = Debug|x64
		{C702E50C-A9D5-4931-BC76-20838A22D136}.Debug|iPhone.Build.0 = Debug|x64
		{C702E50C-A9D5-4931-BC76-20838A22D136}.Debug|iPhone.Deploy.0 = Debug|x64
		{C702E50C-A9D5-4931-BC76-20838A22D136}.Debug|iPhoneSimulator.ActiveCfg = Debug|x64
		{C702E50C-A9D5-4931-BC76-20838A22D136}.Debug|iPhoneSimulator.Build.0 = Debug|x64
		{C702E50C-A9D5-4931-BC76-20838A22D136}.Debug|iPhoneSimulator.Deploy.0 = Debug|x64
		{C702E50C-A9D5-4931-BC76-20838A22D136}.Debug|x64.ActiveCfg = Debug|x64
		{C702E50C-A9D5-4931-BC76-20838A22D136}.Debug|x64.Build.0 = Debug|x64
		{C702E50C-A9D5-4931-BC76-20838A22D136}.Debug|x64.Deploy.0 = Debug|x64
		{C702E50C-A9D5-4931-BC76-20838A22D136}.Debug|x86.ActiveCfg = Debug|x86
		{C702E50C-A9D5-4931-BC76-20838A22D136}.Debug|x86.Build.0 = Debug|x86
		{C702E50C-A9D5-4931-BC76-20838A22D136}.Debug|x86.Deploy.0 = Debug|x86
		{C702E50C-A9D5-4931-BC76-20838A22D136}.Release|Any CPU.ActiveCfg = Release|x64
		{C702E50C-A9D5-4931-BC76-20838A22D136}.Release|Any CPU.Build.0 = Release|x64
		{C702E50C-A9D5-4931-BC76-20838A22D136}.Release|Any CPU.Deploy.0 = Release|x64
		{C702E50C-A9D5-4931-BC76-20838A22D136}.Release|ARM.ActiveCfg = Release|ARM
		{C702E50C-A9D5-4931-BC76-20838A22D136}.Release|ARM.Build.0 = Release|ARM
		{C702E50C-A9D5-4931-BC76-20838A22D136}.Release|ARM.Deploy.0 = Release|ARM
		{C702E50C-A9D5-4931-BC76-20838A22D136}.Release|iPhone.ActiveCfg = Release|x64
		{C702E50C-A9D5-4931-BC76-20838A22D136}.Release|iPhone.Build.0 = Release|x64
		{C702E50C-A9D5-4931-BC76-20838A22D136}.Release|iPhone.Deploy.0 = Release|x64
		{C702E50C-A9D5-4931-BC76-20838A22D136}.Release|iPhoneSimulator.ActiveCfg = Release|x64
		{C702E50C-A9D5-4931-BC76-20838A22D136}.Release|iPhoneSimulator.Build.0 = Release|x64
		{C702E50C-A9D5-4931-BC76-20838A22D136}.Release|iPhoneSimulator.Deploy.0 = Release|x64
		{C702E50C-A9D5-4931-BC76-20838A22D136}.Release|x64.ActiveCfg = Release|x64
		{C702E50C-A9D5-4931-BC76-20838A22D136}.Release|x64.Build.0 = Release|x64
		{C702E50C-A9D5-4931-BC76-20838A22D136}.Release|x64.Deploy.0 = Release|x64
		{C702E50C-A9D5-4931-BC76-20838A22D136}.Release|x86.ActiveCfg = Release|x86
		{C702E50C-A9D5-4931-BC76-20838A22D136}.Release|x86.Build.0 = Release|x86
		{C702E50C-A9D5-4931-BC76-20838A22D136}.Release|x86.Deploy.0 = Release|x86
		{6961AD14-019C-4DF3-94B8-46B6A2AB7FDD}.Debug|Any CPU.ActiveCfg = Debug|Any CPU
		{6961AD14-019C-4DF3-94B8-46B6A2AB7FDD}.Debug|Any CPU.Build.0 = Debug|Any CPU
		{6961AD14-019C-4DF3-94B8-46B6A2AB7FDD}.Debug|Any CPU.Deploy.0 = Debug|Any CPU
		{6961AD14-019C-4DF3-94B8-46B6A2AB7FDD}.Debug|ARM.ActiveCfg = Debug|Any CPU
		{6961AD14-019C-4DF3-94B8-46B6A2AB7FDD}.Debug|ARM.Build.0 = Debug|Any CPU
		{6961AD14-019C-4DF3-94B8-46B6A2AB7FDD}.Debug|ARM.Deploy.0 = Debug|Any CPU
		{6961AD14-019C-4DF3-94B8-46B6A2AB7FDD}.Debug|iPhone.ActiveCfg = Debug|Any CPU
		{6961AD14-019C-4DF3-94B8-46B6A2AB7FDD}.Debug|iPhone.Build.0 = Debug|Any CPU
		{6961AD14-019C-4DF3-94B8-46B6A2AB7FDD}.Debug|iPhone.Deploy.0 = Debug|Any CPU
		{6961AD14-019C-4DF3-94B8-46B6A2AB7FDD}.Debug|iPhoneSimulator.ActiveCfg = Debug|Any CPU
		{6961AD14-019C-4DF3-94B8-46B6A2AB7FDD}.Debug|iPhoneSimulator.Build.0 = Debug|Any CPU
		{6961AD14-019C-4DF3-94B8-46B6A2AB7FDD}.Debug|iPhoneSimulator.Deploy.0 = Debug|Any CPU
		{6961AD14-019C-4DF3-94B8-46B6A2AB7FDD}.Debug|x64.ActiveCfg = Debug|Any CPU
		{6961AD14-019C-4DF3-94B8-46B6A2AB7FDD}.Debug|x64.Build.0 = Debug|Any CPU
		{6961AD14-019C-4DF3-94B8-46B6A2AB7FDD}.Debug|x64.Deploy.0 = Debug|Any CPU
		{6961AD14-019C-4DF3-94B8-46B6A2AB7FDD}.Debug|x86.ActiveCfg = Debug|Any CPU
		{6961AD14-019C-4DF3-94B8-46B6A2AB7FDD}.Debug|x86.Build.0 = Debug|Any CPU
		{6961AD14-019C-4DF3-94B8-46B6A2AB7FDD}.Debug|x86.Deploy.0 = Debug|Any CPU
		{6961AD14-019C-4DF3-94B8-46B6A2AB7FDD}.Release|Any CPU.ActiveCfg = Release|Any CPU
		{6961AD14-019C-4DF3-94B8-46B6A2AB7FDD}.Release|Any CPU.Build.0 = Release|Any CPU
		{6961AD14-019C-4DF3-94B8-46B6A2AB7FDD}.Release|Any CPU.Deploy.0 = Release|Any CPU
		{6961AD14-019C-4DF3-94B8-46B6A2AB7FDD}.Release|ARM.ActiveCfg = Release|Any CPU
		{6961AD14-019C-4DF3-94B8-46B6A2AB7FDD}.Release|ARM.Build.0 = Release|Any CPU
		{6961AD14-019C-4DF3-94B8-46B6A2AB7FDD}.Release|ARM.Deploy.0 = Release|Any CPU
		{6961AD14-019C-4DF3-94B8-46B6A2AB7FDD}.Release|iPhone.ActiveCfg = Release|Any CPU
		{6961AD14-019C-4DF3-94B8-46B6A2AB7FDD}.Release|iPhone.Build.0 = Release|Any CPU
		{6961AD14-019C-4DF3-94B8-46B6A2AB7FDD}.Release|iPhone.Deploy.0 = Release|Any CPU
		{6961AD14-019C-4DF3-94B8-46B6A2AB7FDD}.Release|iPhoneSimulator.ActiveCfg = Release|Any CPU
		{6961AD14-019C-4DF3-94B8-46B6A2AB7FDD}.Release|iPhoneSimulator.Build.0 = Release|Any CPU
		{6961AD14-019C-4DF3-94B8-46B6A2AB7FDD}.Release|iPhoneSimulator.Deploy.0 = Release|Any CPU
		{6961AD14-019C-4DF3-94B8-46B6A2AB7FDD}.Release|x64.ActiveCfg = Release|Any CPU
		{6961AD14-019C-4DF3-94B8-46B6A2AB7FDD}.Release|x64.Build.0 = Release|Any CPU
		{6961AD14-019C-4DF3-94B8-46B6A2AB7FDD}.Release|x64.Deploy.0 = Release|Any CPU
		{6961AD14-019C-4DF3-94B8-46B6A2AB7FDD}.Release|x86.ActiveCfg = Release|Any CPU
		{6961AD14-019C-4DF3-94B8-46B6A2AB7FDD}.Release|x86.Build.0 = Release|Any CPU
		{6961AD14-019C-4DF3-94B8-46B6A2AB7FDD}.Release|x86.Deploy.0 = Release|Any CPU
		{3E66D191-CC7B-474C-B782-D52B5D644F5E}.Debug|Any CPU.ActiveCfg = Debug|iPhoneSimulator
		{3E66D191-CC7B-474C-B782-D52B5D644F5E}.Debug|Any CPU.Build.0 = Debug|iPhoneSimulator
		{3E66D191-CC7B-474C-B782-D52B5D644F5E}.Debug|Any CPU.Deploy.0 = Debug|iPhoneSimulator
		{3E66D191-CC7B-474C-B782-D52B5D644F5E}.Debug|ARM.ActiveCfg = Debug|iPhoneSimulator
		{3E66D191-CC7B-474C-B782-D52B5D644F5E}.Debug|ARM.Build.0 = Debug|iPhoneSimulator
		{3E66D191-CC7B-474C-B782-D52B5D644F5E}.Debug|ARM.Deploy.0 = Debug|iPhoneSimulator
		{3E66D191-CC7B-474C-B782-D52B5D644F5E}.Debug|iPhone.ActiveCfg = Debug|iPhone
		{3E66D191-CC7B-474C-B782-D52B5D644F5E}.Debug|iPhone.Build.0 = Debug|iPhone
		{3E66D191-CC7B-474C-B782-D52B5D644F5E}.Debug|iPhone.Deploy.0 = Debug|iPhone
		{3E66D191-CC7B-474C-B782-D52B5D644F5E}.Debug|iPhoneSimulator.ActiveCfg = Debug|iPhoneSimulator
		{3E66D191-CC7B-474C-B782-D52B5D644F5E}.Debug|iPhoneSimulator.Build.0 = Debug|iPhoneSimulator
		{3E66D191-CC7B-474C-B782-D52B5D644F5E}.Debug|iPhoneSimulator.Deploy.0 = Debug|iPhoneSimulator
		{3E66D191-CC7B-474C-B782-D52B5D644F5E}.Debug|x64.ActiveCfg = Debug|iPhone
		{3E66D191-CC7B-474C-B782-D52B5D644F5E}.Debug|x64.Build.0 = Debug|iPhone
		{3E66D191-CC7B-474C-B782-D52B5D644F5E}.Debug|x64.Deploy.0 = Debug|iPhone
		{3E66D191-CC7B-474C-B782-D52B5D644F5E}.Debug|x86.ActiveCfg = Debug|iPhoneSimulator
		{3E66D191-CC7B-474C-B782-D52B5D644F5E}.Debug|x86.Build.0 = Debug|iPhoneSimulator
		{3E66D191-CC7B-474C-B782-D52B5D644F5E}.Debug|x86.Deploy.0 = Debug|iPhoneSimulator
		{3E66D191-CC7B-474C-B782-D52B5D644F5E}.Release|Any CPU.ActiveCfg = Release|iPhoneSimulator
		{3E66D191-CC7B-474C-B782-D52B5D644F5E}.Release|Any CPU.Build.0 = Release|iPhoneSimulator
		{3E66D191-CC7B-474C-B782-D52B5D644F5E}.Release|Any CPU.Deploy.0 = Release|iPhoneSimulator
		{3E66D191-CC7B-474C-B782-D52B5D644F5E}.Release|ARM.ActiveCfg = Release|iPhoneSimulator
		{3E66D191-CC7B-474C-B782-D52B5D644F5E}.Release|ARM.Build.0 = Release|iPhoneSimulator
		{3E66D191-CC7B-474C-B782-D52B5D644F5E}.Release|ARM.Deploy.0 = Release|iPhoneSimulator
		{3E66D191-CC7B-474C-B782-D52B5D644F5E}.Release|iPhone.ActiveCfg = Release|iPhone
		{3E66D191-CC7B-474C-B782-D52B5D644F5E}.Release|iPhone.Build.0 = Release|iPhone
		{3E66D191-CC7B-474C-B782-D52B5D644F5E}.Release|iPhone.Deploy.0 = Release|iPhone
		{3E66D191-CC7B-474C-B782-D52B5D644F5E}.Release|iPhoneSimulator.ActiveCfg = Release|iPhoneSimulator
		{3E66D191-CC7B-474C-B782-D52B5D644F5E}.Release|iPhoneSimulator.Build.0 = Release|iPhoneSimulator
		{3E66D191-CC7B-474C-B782-D52B5D644F5E}.Release|iPhoneSimulator.Deploy.0 = Release|iPhoneSimulator
		{3E66D191-CC7B-474C-B782-D52B5D644F5E}.Release|x64.ActiveCfg = Release|iPhoneSimulator
		{3E66D191-CC7B-474C-B782-D52B5D644F5E}.Release|x64.Build.0 = Release|iPhoneSimulator
		{3E66D191-CC7B-474C-B782-D52B5D644F5E}.Release|x64.Deploy.0 = Release|iPhoneSimulator
		{3E66D191-CC7B-474C-B782-D52B5D644F5E}.Release|x86.ActiveCfg = Release|iPhoneSimulator
		{3E66D191-CC7B-474C-B782-D52B5D644F5E}.Release|x86.Build.0 = Release|iPhoneSimulator
		{3E66D191-CC7B-474C-B782-D52B5D644F5E}.Release|x86.Deploy.0 = Release|iPhoneSimulator
		{54E7673D-C481-45CE-8B54-AF2DD5D0F255}.Debug|Any CPU.ActiveCfg = Debug|Any CPU
		{54E7673D-C481-45CE-8B54-AF2DD5D0F255}.Debug|Any CPU.Build.0 = Debug|Any CPU
		{54E7673D-C481-45CE-8B54-AF2DD5D0F255}.Debug|Any CPU.Deploy.0 = Debug|Any CPU
		{54E7673D-C481-45CE-8B54-AF2DD5D0F255}.Debug|ARM.ActiveCfg = Debug|Any CPU
		{54E7673D-C481-45CE-8B54-AF2DD5D0F255}.Debug|ARM.Build.0 = Debug|Any CPU
		{54E7673D-C481-45CE-8B54-AF2DD5D0F255}.Debug|ARM.Deploy.0 = Debug|Any CPU
		{54E7673D-C481-45CE-8B54-AF2DD5D0F255}.Debug|iPhone.ActiveCfg = Debug|Any CPU
		{54E7673D-C481-45CE-8B54-AF2DD5D0F255}.Debug|iPhone.Build.0 = Debug|Any CPU
		{54E7673D-C481-45CE-8B54-AF2DD5D0F255}.Debug|iPhone.Deploy.0 = Debug|Any CPU
		{54E7673D-C481-45CE-8B54-AF2DD5D0F255}.Debug|iPhoneSimulator.ActiveCfg = Debug|Any CPU
		{54E7673D-C481-45CE-8B54-AF2DD5D0F255}.Debug|iPhoneSimulator.Build.0 = Debug|Any CPU
		{54E7673D-C481-45CE-8B54-AF2DD5D0F255}.Debug|iPhoneSimulator.Deploy.0 = Debug|Any CPU
		{54E7673D-C481-45CE-8B54-AF2DD5D0F255}.Debug|x64.ActiveCfg = Debug|Any CPU
		{54E7673D-C481-45CE-8B54-AF2DD5D0F255}.Debug|x64.Build.0 = Debug|Any CPU
		{54E7673D-C481-45CE-8B54-AF2DD5D0F255}.Debug|x64.Deploy.0 = Debug|Any CPU
		{54E7673D-C481-45CE-8B54-AF2DD5D0F255}.Debug|x86.ActiveCfg = Debug|Any CPU
		{54E7673D-C481-45CE-8B54-AF2DD5D0F255}.Debug|x86.Build.0 = Debug|Any CPU
		{54E7673D-C481-45CE-8B54-AF2DD5D0F255}.Debug|x86.Deploy.0 = Debug|Any CPU
		{54E7673D-C481-45CE-8B54-AF2DD5D0F255}.Release|Any CPU.ActiveCfg = Release|Any CPU
		{54E7673D-C481-45CE-8B54-AF2DD5D0F255}.Release|Any CPU.Build.0 = Release|Any CPU
		{54E7673D-C481-45CE-8B54-AF2DD5D0F255}.Release|Any CPU.Deploy.0 = Release|Any CPU
		{54E7673D-C481-45CE-8B54-AF2DD5D0F255}.Release|ARM.ActiveCfg = Release|Any CPU
		{54E7673D-C481-45CE-8B54-AF2DD5D0F255}.Release|ARM.Build.0 = Release|Any CPU
		{54E7673D-C481-45CE-8B54-AF2DD5D0F255}.Release|ARM.Deploy.0 = Release|Any CPU
		{54E7673D-C481-45CE-8B54-AF2DD5D0F255}.Release|iPhone.ActiveCfg = Release|Any CPU
		{54E7673D-C481-45CE-8B54-AF2DD5D0F255}.Release|iPhone.Build.0 = Release|Any CPU
		{54E7673D-C481-45CE-8B54-AF2DD5D0F255}.Release|iPhone.Deploy.0 = Release|Any CPU
		{54E7673D-C481-45CE-8B54-AF2DD5D0F255}.Release|iPhoneSimulator.ActiveCfg = Release|Any CPU
		{54E7673D-C481-45CE-8B54-AF2DD5D0F255}.Release|iPhoneSimulator.Build.0 = Release|Any CPU
		{54E7673D-C481-45CE-8B54-AF2DD5D0F255}.Release|iPhoneSimulator.Deploy.0 = Release|Any CPU
		{54E7673D-C481-45CE-8B54-AF2DD5D0F255}.Release|x64.ActiveCfg = Release|Any CPU
		{54E7673D-C481-45CE-8B54-AF2DD5D0F255}.Release|x64.Build.0 = Release|Any CPU
		{54E7673D-C481-45CE-8B54-AF2DD5D0F255}.Release|x64.Deploy.0 = Release|Any CPU
		{54E7673D-C481-45CE-8B54-AF2DD5D0F255}.Release|x86.ActiveCfg = Release|Any CPU
		{54E7673D-C481-45CE-8B54-AF2DD5D0F255}.Release|x86.Build.0 = Release|Any CPU
		{54E7673D-C481-45CE-8B54-AF2DD5D0F255}.Release|x86.Deploy.0 = Release|Any CPU
	EndGlobalSection
	GlobalSection(SolutionProperties) = preSolution
		HideSolutionNode = FALSE
	EndGlobalSection
	GlobalSection(ExtensibilityGlobals) = postSolution
		SolutionGuid = {86756E41-842C-4911-B6ED-D0A621DF568D}
	EndGlobalSection
EndGlobal
